
Microsoft Visual Studio Solution File, Format Version 12.00
# Visual Studio Version 17
VisualStudioVersion = 17.3.32922.545
MinimumVisualStudioVersion = 10.0.40219.1
Project("{FAE04EC0-301F-11D3-BF4B-00C04F79EFBC}") = "HMSProject", "HMSProject\HMSProject.csproj", "{67B396AE-B789-44ED-8DB7-62F7D14094E6}"
EndProject
Global
	GlobalSection(SolutionConfigurationPlatforms) = preSolution
		Debug|Any CPU = Debug|Any CPU
		Release|Any CPU = Release|Any CPU
	EndGlobalSection
	GlobalSection(ProjectConfigurationPlatforms) = postSolution
		{67B396AE-B789-44ED-8DB7-62F7D14094E6}.Debug|Any CPU.ActiveCfg = Debug|Any CPU
		{67B396AE-B789-44ED-8DB7-62F7D14094E6}.Debug|Any CPU.Build.0 = Debug|Any CPU
		{67B396AE-B789-44ED-8DB7-62F7D14094E6}.Release|Any CPU.ActiveCfg = Release|Any CPU
		{67B396AE-B789-44ED-8DB7-62F7D14094E6}.Release|Any CPU.Build.0 = Release|Any CPU
	EndGlobalSection
	GlobalSection(SolutionProperties) = preSolution
		HideSolutionNode = FALSE
	EndGlobalSection
	GlobalSection(ExtensibilityGlobals) = postSolution
		SolutionGuid = {99EB747E-1013-4272-8207-DB90E683A683}
	EndGlobalSection
EndGlobal
